# This file is automatically @generated by Poetry and should not be changed by hand.

[[package]]
name = "certifi"
version = "2022.12.7"
description = "Python package for providing Mozilla's CA Bundle."
category = "main"
optional = false
python-versions = ">=3.6"
files = [
    {file = "certifi-2022.12.7-py3-none-any.whl", hash = "sha256:4ad3232f5e926d6718ec31cfc1fcadfde020920e278684144551c91769c7bc18"},
    {file = "certifi-2022.12.7.tar.gz", hash = "sha256:35824b4c3a97115964b408844d64aa14db1cc518f6562e8d7261699d1350a9e3"},
]

[[package]]
name = "charset-normalizer"
version = "2.0.12"
description = "The Real First Universal Charset Detector. Open, modern and actively maintained alternative to Chardet."
category = "main"
optional = false
python-versions = ">=3.5.0"
files = [
    {file = "charset-normalizer-2.0.12.tar.gz", hash = "sha256:2857e29ff0d34db842cd7ca3230549d1a697f96ee6d3fb071cfa6c7393832597"},
    {file = "charset_normalizer-2.0.12-py3-none-any.whl", hash = "sha256:6881edbebdb17b39b4eaaa821b438bf6eddffb4468cf344f09f89def34a8b1df"},
]

[package.extras]
unicode-backport = ["unicodedata2"]

[[package]]
name = "click"
version = "8.1.2"
description = "Composable command line interface toolkit"
category = "main"
optional = false
python-versions = ">=3.7"
files = [
    {file = "click-8.1.2-py3-none-any.whl", hash = "sha256:24e1a4a9ec5bf6299411369b208c1df2188d9eb8d916302fe6bf03faed227f1e"},
    {file = "click-8.1.2.tar.gz", hash = "sha256:479707fe14d9ec9a0757618b7a100a0ae4c4e236fac5b7f80ca68028141a1a72"},
]

[package.dependencies]
colorama = {version = "*", markers = "platform_system == \"Windows\""}

[[package]]
name = "colorama"
version = "0.4.4"
description = "Cross-platform colored terminal text."
category = "main"
optional = false
python-versions = ">=2.7, !=3.0.*, !=3.1.*, !=3.2.*, !=3.3.*, !=3.4.*"
files = [
    {file = "colorama-0.4.4-py2.py3-none-any.whl", hash = "sha256:9f47eda37229f68eee03b24b9748937c7dc3868f906e8ba69fbcbdd3bc5dc3e2"},
    {file = "colorama-0.4.4.tar.gz", hash = "sha256:5941b2b48a20143d2267e95b1c2a7603ce057ee39fd88e7329b0c292aa16869b"},
]

[[package]]
name = "idna"
version = "3.3"
description = "Internationalized Domain Names in Applications (IDNA)"
category = "main"
optional = false
python-versions = ">=3.5"
files = [
    {file = "idna-3.3-py3-none-any.whl", hash = "sha256:84d9dd047ffa80596e0f246e2eab0b391788b0503584e8945f2368256d2735ff"},
    {file = "idna-3.3.tar.gz", hash = "sha256:9d643ff0a55b762d5cdb124b8eaa99c66322e2157b69160bc32796e824360e6d"},
]

[[package]]
name = "mypy"
version = "0.931"
description = "Optional static typing for Python"
category = "main"
optional = false
python-versions = ">=3.6"
files = [
    {file = "mypy-0.931-cp310-cp310-macosx_10_9_x86_64.whl", hash = "sha256:3c5b42d0815e15518b1f0990cff7a705805961613e701db60387e6fb663fe78a"},
    {file = "mypy-0.931-cp310-cp310-macosx_11_0_arm64.whl", hash = "sha256:c89702cac5b302f0c5d33b172d2b55b5df2bede3344a2fbed99ff96bddb2cf00"},
    {file = "mypy-0.931-cp310-cp310-manylinux_2_5_x86_64.manylinux1_x86_64.manylinux_2_12_x86_64.manylinux2010_x86_64.whl", hash = "sha256:300717a07ad09525401a508ef5d105e6b56646f7942eb92715a1c8d610149714"},
    {file = "mypy-0.931-cp310-cp310-win_amd64.whl", hash = "sha256:7b3f6f557ba4afc7f2ce6d3215d5db279bcf120b3cfd0add20a5d4f4abdae5bc"},
    {file = "mypy-0.931-cp36-cp36m-macosx_10_9_x86_64.whl", hash = "sha256:1bf752559797c897cdd2c65f7b60c2b6969ffe458417b8d947b8340cc9cec08d"},
    {file = "mypy-0.931-cp36-cp36m-manylinux_2_5_x86_64.manylinux1_x86_64.manylinux_2_12_x86_64.manylinux2010_x86_64.whl", hash = "sha256:4365c60266b95a3f216a3047f1d8e3f895da6c7402e9e1ddfab96393122cc58d"},
    {file = "mypy-0.931-cp36-cp36m-win_amd64.whl", hash = "sha256:1b65714dc296a7991000b6ee59a35b3f550e0073411ac9d3202f6516621ba66c"},
    {file = "mypy-0.931-cp37-cp37m-macosx_10_9_x86_64.whl", hash = "sha256:e839191b8da5b4e5d805f940537efcaa13ea5dd98418f06dc585d2891d228cf0"},
    {file = "mypy-0.931-cp37-cp37m-manylinux_2_5_x86_64.manylinux1_x86_64.manylinux_2_12_x86_64.manylinux2010_x86_64.whl", hash = "sha256:50c7346a46dc76a4ed88f3277d4959de8a2bd0a0fa47fa87a4cde36fe247ac05"},
    {file = "mypy-0.931-cp37-cp37m-win_amd64.whl", hash = "sha256:d8f1ff62f7a879c9fe5917b3f9eb93a79b78aad47b533911b853a757223f72e7"},
    {file = "mypy-0.931-cp38-cp38-macosx_10_9_x86_64.whl", hash = "sha256:f9fe20d0872b26c4bba1c1be02c5340de1019530302cf2dcc85c7f9fc3252ae0"},
    {file = "mypy-0.931-cp38-cp38-macosx_11_0_arm64.whl", hash = "sha256:1b06268df7eb53a8feea99cbfff77a6e2b205e70bf31743e786678ef87ee8069"},
    {file = "mypy-0.931-cp38-cp38-manylinux_2_5_x86_64.manylinux1_x86_64.manylinux_2_12_x86_64.manylinux2010_x86_64.whl", hash = "sha256:8c11003aaeaf7cc2d0f1bc101c1cc9454ec4cc9cb825aef3cafff8a5fdf4c799"},
    {file = "mypy-0.931-cp38-cp38-win_amd64.whl", hash = "sha256:d9d2b84b2007cea426e327d2483238f040c49405a6bf4074f605f0156c91a47a"},
    {file = "mypy-0.931-cp39-cp39-macosx_10_9_x86_64.whl", hash = "sha256:ff3bf387c14c805ab1388185dd22d6b210824e164d4bb324b195ff34e322d166"},
    {file = "mypy-0.931-cp39-cp39-macosx_11_0_arm64.whl", hash = "sha256:5b56154f8c09427bae082b32275a21f500b24d93c88d69a5e82f3978018a0266"},
    {file = "mypy-0.931-cp39-cp39-manylinux_2_5_x86_64.manylinux1_x86_64.manylinux_2_12_x86_64.manylinux2010_x86_64.whl", hash = "sha256:8ca7f8c4b1584d63c9a0f827c37ba7a47226c19a23a753d52e5b5eddb201afcd"},
    {file = "mypy-0.931-cp39-cp39-win_amd64.whl", hash = "sha256:74f7eccbfd436abe9c352ad9fb65872cc0f1f0a868e9d9c44db0893440f0c697"},
    {file = "mypy-0.931-py3-none-any.whl", hash = "sha256:1171f2e0859cfff2d366da2c7092b06130f232c636a3f7301e3feb8b41f6377d"},
    {file = "mypy-0.931.tar.gz", hash = "sha256:0038b21890867793581e4cb0d810829f5fd4441aa75796b53033af3aa30430ce"},
]

[package.dependencies]
mypy-extensions = ">=0.4.3"
tomli = ">=1.1.0"
typing-extensions = ">=3.10"

[package.extras]
dmypy = ["psutil (>=4.0)"]
python2 = ["typed-ast (>=1.4.0,<2)"]

[[package]]
name = "mypy-extensions"
version = "0.4.3"
description = "Experimental type system extensions for programs checked with the mypy typechecker."
category = "main"
optional = false
python-versions = "*"
files = [
    {file = "mypy_extensions-0.4.3-py2.py3-none-any.whl", hash = "sha256:090fedd75945a69ae91ce1303b5824f428daf5a028d2f6ab8a299250a846f15d"},
    {file = "mypy_extensions-0.4.3.tar.gz", hash = "sha256:2d82818f5bb3e369420cb3c4060a7970edba416647068eb4c5343488a6c604a8"},
]

[[package]]
name = "python-dotenv"
version = "0.19.2"
description = "Read key-value pairs from a .env file and set them as environment variables"
category = "main"
optional = false
python-versions = ">=3.5"
files = [
    {file = "python-dotenv-0.19.2.tar.gz", hash = "sha256:a5de49a31e953b45ff2d2fd434bbc2670e8db5273606c1e737cc6b93eff3655f"},
    {file = "python_dotenv-0.19.2-py2.py3-none-any.whl", hash = "sha256:32b2bdc1873fd3a3c346da1c6db83d0053c3c62f28f1f38516070c4c8971b1d3"},
]

[package.extras]
cli = ["click (>=5.0)"]

[[package]]
name = "redash-toolbelt"
version = "0.1.9"
description = "Redash API client and tools to manage your instance."
category = "main"
optional = false
python-versions = ">=3.6,<4.0"
files = [
    {file = "redash_toolbelt-0.1.9-py3-none-any.whl", hash = "sha256:8d9110f191d5d3d28ff405e9d3d4e59469b657d5e4b980707e2c791be542ca43"},
    {file = "redash_toolbelt-0.1.9.tar.gz", hash = "sha256:65b1d86eb0b6d7d7c843b30aca8d752051290e0faa90c641322de13fbb2dba4d"},
]

[package.dependencies]
click = ">=8.0.3,<9.0.0"
requests = ">=2.22.0,<3.0.0"

[[package]]
name = "requests"
version = "2.27.1"
description = "Python HTTP for Humans."
category = "main"
optional = false
python-versions = ">=2.7, !=3.0.*, !=3.1.*, !=3.2.*, !=3.3.*, !=3.4.*, !=3.5.*"
files = [
    {file = "requests-2.27.1-py2.py3-none-any.whl", hash = "sha256:f22fa1e554c9ddfd16e6e41ac79759e17be9e492b3587efa038054674760e72d"},
    {file = "requests-2.27.1.tar.gz", hash = "sha256:68d7c56fd5a8999887728ef304a6d12edc7be74f1cfa47714fc8b414525c9a61"},
]

[package.dependencies]
certifi = ">=2017.4.17"
charset-normalizer = {version = ">=2.0.0,<2.1.0", markers = "python_version >= \"3\""}
idna = {version = ">=2.5,<4", markers = "python_version >= \"3\""}
urllib3 = ">=1.21.1,<1.27"

[package.extras]
socks = ["PySocks (>=1.5.6,!=1.5.7)", "win-inet-pton"]
use-chardet-on-py3 = ["chardet (>=3.0.2,<5)"]

[[package]]
name = "ruamel.yaml"
version = "0.17.21"
description = "ruamel.yaml is a YAML parser/emitter that supports roundtrip preservation of comments, seq/map flow style, and map key order"
category = "main"
optional = false
python-versions = ">=3"
files = [
    {file = "ruamel.yaml-0.17.21-py3-none-any.whl", hash = "sha256:742b35d3d665023981bd6d16b3d24248ce5df75fdb4e2924e93a05c1f8b61ca7"},
    {file = "ruamel.yaml-0.17.21.tar.gz", hash = "sha256:8b7ce697a2f212752a35c1ac414471dc16c424c9573be4926b56ff3f5d23b7af"},
]

[package.dependencies]
"ruamel.yaml.clib" = {version = ">=0.2.6", markers = "platform_python_implementation == \"CPython\" and python_version < \"3.11\""}

[package.extras]
docs = ["ryd"]
jinja2 = ["ruamel.yaml.jinja2 (>=0.2)"]

[[package]]
name = "ruamel.yaml.clib"
version = "0.2.6"
description = "C version of reader, parser and emitter for ruamel.yaml derived from libyaml"
category = "main"
optional = false
python-versions = ">=3.5"
files = [
    {file = "ruamel.yaml.clib-0.2.6-cp310-cp310-macosx_10_9_universal2.whl", hash = "sha256:6e7be2c5bcb297f5b82fee9c665eb2eb7001d1050deaba8471842979293a80b0"},
    {file = "ruamel.yaml.clib-0.2.6-cp310-cp310-manylinux2014_aarch64.whl", hash = "sha256:066f886bc90cc2ce44df8b5f7acfc6a7e2b2e672713f027136464492b0c34d7c"},
    {file = "ruamel.yaml.clib-0.2.6-cp310-cp310-manylinux_2_17_x86_64.manylinux2014_x86_64.manylinux_2_24_x86_64.whl", hash = "sha256:221eca6f35076c6ae472a531afa1c223b9c29377e62936f61bc8e6e8bdc5f9e7"},
    {file = "ruamel.yaml.clib-0.2.6-cp310-cp310-win32.whl", hash = "sha256:1070ba9dd7f9370d0513d649420c3b362ac2d687fe78c6e888f5b12bf8bc7bee"},
    {file = "ruamel.yaml.clib-0.2.6-cp310-cp310-win_amd64.whl", hash = "sha256:77df077d32921ad46f34816a9a16e6356d8100374579bc35e15bab5d4e9377de"},
    {file = "ruamel.yaml.clib-0.2.6-cp35-cp35m-macosx_10_6_intel.whl", hash = "sha256:cfdb9389d888c5b74af297e51ce357b800dd844898af9d4a547ffc143fa56751"},
    {file = "ruamel.yaml.clib-0.2.6-cp35-cp35m-manylinux1_x86_64.whl", hash = "sha256:7b2927e92feb51d830f531de4ccb11b320255ee95e791022555971c466af4527"},
    {file = "ruamel.yaml.clib-0.2.6-cp35-cp35m-win32.whl", hash = "sha256:ada3f400d9923a190ea8b59c8f60680c4ef8a4b0dfae134d2f2ff68429adfab5"},
    {file = "ruamel.yaml.clib-0.2.6-cp35-cp35m-win_amd64.whl", hash = "sha256:de9c6b8a1ba52919ae919f3ae96abb72b994dd0350226e28f3686cb4f142165c"},
    {file = "ruamel.yaml.clib-0.2.6-cp36-cp36m-macosx_10_9_x86_64.whl", hash = "sha256:d67f273097c368265a7b81e152e07fb90ed395df6e552b9fa858c6d2c9f42502"},
    {file = "ruamel.yaml.clib-0.2.6-cp36-cp36m-manylinux1_x86_64.whl", hash = "sha256:72a2b8b2ff0a627496aad76f37a652bcef400fd861721744201ef1b45199ab78"},
    {file = "ruamel.yaml.clib-0.2.6-cp36-cp36m-manylinux2014_aarch64.whl", hash = "sha256:d3c620a54748a3d4cf0bcfe623e388407c8e85a4b06b8188e126302bcab93ea8"},
    {file = "ruamel.yaml.clib-0.2.6-cp36-cp36m-win32.whl", hash = "sha256:9efef4aab5353387b07f6b22ace0867032b900d8e91674b5d8ea9150db5cae94"},
    {file = "ruamel.yaml.clib-0.2.6-cp36-cp36m-win_amd64.whl", hash = "sha256:846fc8336443106fe23f9b6d6b8c14a53d38cef9a375149d61f99d78782ea468"},
    {file = "ruamel.yaml.clib-0.2.6-cp37-cp37m-macosx_10_9_x86_64.whl", hash = "sha256:0847201b767447fc33b9c235780d3aa90357d20dd6108b92be544427bea197dd"},
    {file = "ruamel.yaml.clib-0.2.6-cp37-cp37m-manylinux1_x86_64.whl", hash = "sha256:78988ed190206672da0f5d50c61afef8f67daa718d614377dcd5e3ed85ab4a99"},
    {file = "ruamel.yaml.clib-0.2.6-cp37-cp37m-manylinux2014_aarch64.whl", hash = "sha256:210c8fcfeff90514b7133010bf14e3bad652c8efde6b20e00c43854bf94fa5a6"},
    {file = "ruamel.yaml.clib-0.2.6-cp37-cp37m-win32.whl", hash = "sha256:a49e0161897901d1ac9c4a79984b8410f450565bbad64dbfcbf76152743a0cdb"},
    {file = "ruamel.yaml.clib-0.2.6-cp37-cp37m-win_amd64.whl", hash = "sha256:bf75d28fa071645c529b5474a550a44686821decebdd00e21127ef1fd566eabe"},
    {file = "ruamel.yaml.clib-0.2.6-cp38-cp38-macosx_10_9_x86_64.whl", hash = "sha256:a32f8d81ea0c6173ab1b3da956869114cae53ba1e9f72374032e33ba3118c233"},
    {file = "ruamel.yaml.clib-0.2.6-cp38-cp38-manylinux1_x86_64.whl", hash = "sha256:7f7ecb53ae6848f959db6ae93bdff1740e651809780822270eab111500842a84"},
    {file = "ruamel.yaml.clib-0.2.6-cp38-cp38-manylinux2014_aarch64.whl", hash = "sha256:61bc5e5ca632d95925907c569daa559ea194a4d16084ba86084be98ab1cec1c6"},
    {file = "ruamel.yaml.clib-0.2.6-cp38-cp38-win32.whl", hash = "sha256:89221ec6d6026f8ae859c09b9718799fea22c0e8da8b766b0b2c9a9ba2db326b"},
    {file = "ruamel.yaml.clib-0.2.6-cp38-cp38-win_amd64.whl", hash = "sha256:31ea73e564a7b5fbbe8188ab8b334393e06d997914a4e184975348f204790277"},
    {file = "ruamel.yaml.clib-0.2.6-cp39-cp39-macosx_10_9_x86_64.whl", hash = "sha256:dc6a613d6c74eef5a14a214d433d06291526145431c3b964f5e16529b1842bed"},
    {file = "ruamel.yaml.clib-0.2.6-cp39-cp39-manylinux1_x86_64.whl", hash = "sha256:1866cf2c284a03b9524a5cc00daca56d80057c5ce3cdc86a52020f4c720856f0"},
    {file = "ruamel.yaml.clib-0.2.6-cp39-cp39-manylinux2014_aarch64.whl", hash = "sha256:1b4139a6ffbca8ef60fdaf9b33dec05143ba746a6f0ae0f9d11d38239211d335"},
    {file = "ruamel.yaml.clib-0.2.6-cp39-cp39-win32.whl", hash = "sha256:3fb9575a5acd13031c57a62cc7823e5d2ff8bc3835ba4d94b921b4e6ee664104"},
    {file = "ruamel.yaml.clib-0.2.6-cp39-cp39-win_amd64.whl", hash = "sha256:825d5fccef6da42f3c8eccd4281af399f21c02b32d98e113dbc631ea6a6ecbc7"},
    {file = "ruamel.yaml.clib-0.2.6.tar.gz", hash = "sha256:4ff604ce439abb20794f05613c374759ce10e3595d1867764dd1ae675b85acbd"},
]

[[package]]
name = "tomli"
version = "2.0.1"
description = "A lil' TOML parser"
category = "main"
optional = false
python-versions = ">=3.7"
files = [
    {file = "tomli-2.0.1-py3-none-any.whl", hash = "sha256:939de3e7a6161af0c887ef91b7d41a53e7c5a1ca976325f429cb46ea9bc30ecc"},
    {file = "tomli-2.0.1.tar.gz", hash = "sha256:de526c12914f0c550d15924c62d72abc48d6fe7364aa87328337a31007fe8a4f"},
]

[[package]]
name = "typing-extensions"
version = "4.2.0"
description = "Backported and Experimental Type Hints for Python 3.7+"
category = "main"
optional = false
python-versions = ">=3.7"
files = [
    {file = "typing_extensions-4.2.0-py3-none-any.whl", hash = "sha256:6657594ee297170d19f67d55c05852a874e7eb634f4f753dbd667855e07c1708"},
    {file = "typing_extensions-4.2.0.tar.gz", hash = "sha256:f1c24655a0da0d1b67f07e17a5e6b2a105894e6824b92096378bb3668ef02376"},
]

[[package]]
name = "urllib3"
version = "1.26.9"
description = "HTTP library with thread-safe connection pooling, file post, and more."
category = "main"
optional = false
python-versions = ">=2.7, !=3.0.*, !=3.1.*, !=3.2.*, !=3.3.*, !=3.4.*, <4"
files = [
    {file = "urllib3-1.26.9-py2.py3-none-any.whl", hash = "sha256:44ece4d53fb1706f667c9bd1c648f5469a2ec925fcf3a776667042d645472c14"},
    {file = "urllib3-1.26.9.tar.gz", hash = "sha256:aabaf16477806a5e1dd19aa41f8c2b7950dd3c746362d7e3223dbe6de6ac448e"},
]

[package.extras]
brotli = ["brotli (>=1.0.9)", "brotlicffi (>=0.8.0)", "brotlipy (>=0.6.0)"]
secure = ["certifi", "cryptography (>=1.3.4)", "idna (>=2.0.0)", "ipaddress", "pyOpenSSL (>=0.14)"]
socks = ["PySocks (>=1.5.6,!=1.5.7,<2.0)"]

[metadata]
lock-version = "2.0"
python-versions = "^3.8"
content-hash = "d61d6e4ee405c21e9d9fb70e637323a5a4dd1cffab804540540664b4b6600492"
